
Microsoft Visual Studio Solution File, Format Version 12.00
# Visual Studio Version 16
VisualStudioVersion = 16.0.810.16
MinimumVisualStudioVersion = 10.0.40219.1
Project("{FAE04EC0-301F-11D3-BF4B-00C04F79EFBC}") = "MethodExercise2", "MethodExercise2\MethodExercise2.csproj", "{AE216749-7D6B-451A-8A16-47D5EB4BACAD}"
EndProject
Global
	GlobalSection(SolutionConfigurationPlatforms) = preSolution
		Debug|Any CPU = Debug|Any CPU
		Release|Any CPU = Release|Any CPU
	EndGlobalSection
	GlobalSection(ProjectConfigurationPlatforms) = postSolution
		{AE216749-7D6B-451A-8A16-47D5EB4BACAD}.Debug|Any CPU.ActiveCfg = Debug|Any CPU
		{AE216749-7D6B-451A-8A16-47D5EB4BACAD}.Debug|Any CPU.Build.0 = Debug|Any CPU
		{AE216749-7D6B-451A-8A16-47D5EB4BACAD}.Release|Any CPU.ActiveCfg = Release|Any CPU
		{AE216749-7D6B-451A-8A16-47D5EB4BACAD}.Release|Any CPU.Build.0 = Release|Any CPU
	EndGlobalSection
	GlobalSection(SolutionProperties) = preSolution
		HideSolutionNode = FALSE
	EndGlobalSection
	GlobalSection(ExtensibilityGlobals) = postSolution
		SolutionGuid = {E5B346A6-56EF-423D-BB7D-A0178A00FDA3}
	EndGlobalSection
EndGlobal
